
Microsoft Visual Studio Solution File, Format Version 12.00
# Visual Studio Version 17
VisualStudioVersion = 17.4.33205.214
MinimumVisualStudioVersion = 10.0.40219.1
Project("{FAE04EC0-301F-11D3-BF4B-00C04F79EFBC}") = "SmartContract", "SmartContract\SmartContract.csproj", "{C516B500-FA9F-46F0-9D4E-98DA129721EE}"
EndProject
Project("{FAE04EC0-301F-11D3-BF4B-00C04F79EFBC}") = "Client", "Client\Client.csproj", "{A8CA14CB-B25D-44B4-8AD6-8B4B7A886F41}"
EndProject
Project("{FAE04EC0-301F-11D3-BF4B-00C04F79EFBC}") = "Miner", "Miner\Miner.csproj", "{E9826750-DF68-40BE-A201-651FB6D56B60}"
EndProject
Project("{FAE04EC0-301F-11D3-BF4B-00C04F79EFBC}") = "SmartContractTests", "SmartContractTests\SmartContractTests.csproj", "{A3AAF9EB-7D41-4B22-A84B-009F53966ECF}"
EndProject
Global
	GlobalSection(SolutionConfigurationPlatforms) = preSolution
		Debug|Any CPU = Debug|Any CPU
		Release|Any CPU = Release|Any CPU
	EndGlobalSection
	GlobalSection(ProjectConfigurationPlatforms) = postSolution
		{C516B500-FA9F-46F0-9D4E-98DA129721EE}.Debug|Any CPU.ActiveCfg = Debug|Any CPU
		{C516B500-FA9F-46F0-9D4E-98DA129721EE}.Debug|Any CPU.Build.0 = Debug|Any CPU
		{C516B500-FA9F-46F0-9D4E-98DA129721EE}.Release|Any CPU.ActiveCfg = Release|Any CPU
		{C516B500-FA9F-46F0-9D4E-98DA129721EE}.Release|Any CPU.Build.0 = Release|Any CPU
		{A8CA14CB-B25D-44B4-8AD6-8B4B7A886F41}.Debug|Any CPU.ActiveCfg = Debug|Any CPU
		{A8CA14CB-B25D-44B4-8AD6-8B4B7A886F41}.Debug|Any CPU.Build.0 = Debug|Any CPU
		{A8CA14CB-B25D-44B4-8AD6-8B4B7A886F41}.Release|Any CPU.ActiveCfg = Release|Any CPU
		{A8CA14CB-B25D-44B4-8AD6-8B4B7A886F41}.Release|Any CPU.Build.0 = Release|Any CPU
		{E9826750-DF68-40BE-A201-651FB6D56B60}.Debug|Any CPU.ActiveCfg = Debug|Any CPU
		{E9826750-DF68-40BE-A201-651FB6D56B60}.Debug|Any CPU.Build.0 = Debug|Any CPU
		{E9826750-DF68-40BE-A201-651FB6D56B60}.Release|Any CPU.ActiveCfg = Release|Any CPU
		{E9826750-DF68-40BE-A201-651FB6D56B60}.Release|Any CPU.Build.0 = Release|Any CPU
		{A3AAF9EB-7D41-4B22-A84B-009F53966ECF}.Debug|Any CPU.ActiveCfg = Debug|Any CPU
		{A3AAF9EB-7D41-4B22-A84B-009F53966ECF}.Debug|Any CPU.Build.0 = Debug|Any CPU
		{A3AAF9EB-7D41-4B22-A84B-009F53966ECF}.Release|Any CPU.ActiveCfg = Release|Any CPU
		{A3AAF9EB-7D41-4B22-A84B-009F53966ECF}.Release|Any CPU.Build.0 = Release|Any CPU
	EndGlobalSection
	GlobalSection(SolutionProperties) = preSolution
		HideSolutionNode = FALSE
	EndGlobalSection
	GlobalSection(ExtensibilityGlobals) = postSolution
		SolutionGuid = {F1C5BD31-325A-4CEC-9796-8BBA473D13B8}
	EndGlobalSection
EndGlobal
